// !$*UTF8*$!
{
	archiveVersion = 1;
	classes = {
	};
	objectVersion = 56;
	objects = {

/* Begin PBXBuildFile section */
		EB0BA9672AF6AD340030C54E /* DirectionComponent.swift in Sources */ = {isa = PBXBuildFile; fileRef = EB0BA9662AF6AD340030C54E /* DirectionComponent.swift */; };
		EB1D004E2AE3AA74000E3920 /* RotationSystem.swift in Sources */ = {isa = PBXBuildFile; fileRef = EB1D004D2AE3AA74000E3920 /* RotationSystem.swift */; };
		EB27673A2A95160B00464B06 /* Cube3DView.swift in Sources */ = {isa = PBXBuildFile; fileRef = EB2767392A95160B00464B06 /* Cube3DView.swift */; };
		EB27673C2A95592C00464B06 /* Dragging.swift in Sources */ = {isa = PBXBuildFile; fileRef = EB27673B2A95592C00464B06 /* Dragging.swift */; };
		EB30294C2ABF4C7500D01AF7 /* StickerTests.swift in Sources */ = {isa = PBXBuildFile; fileRef = EB30294B2ABF4C7500D01AF7 /* StickerTests.swift */; };
		EB3029542AC00D0E00D01AF7 /* PieceTests.swift in Sources */ = {isa = PBXBuildFile; fileRef = EB3029532AC00D0E00D01AF7 /* PieceTests.swift */; };
		EB3029602AC93BAD00D01AF7 /* SceneKitModel.swift in Sources */ = {isa = PBXBuildFile; fileRef = EB30295F2AC93BAD00D01AF7 /* SceneKitModel.swift */; };
		EB4037CB2ACBA38B00602707 /* RealityKitModel.swift in Sources */ = {isa = PBXBuildFile; fileRef = EB4037CA2ACBA38B00602707 /* RealityKitModel.swift */; };
		EB42A13C2AD5289600F6F80A /* SceneKitViewAdapter.swift in Sources */ = {isa = PBXBuildFile; fileRef = EB42A13B2AD5289600F6F80A /* SceneKitViewAdapter.swift */; };
		EB42A1412ADD9FC100F6F80A /* HandTracking.swift in Sources */ = {isa = PBXBuildFile; fileRef = EB42A1402ADD9FC100F6F80A /* HandTracking.swift */; };
		EB595E142A97C24A003000D6 /* SceneKitUtils.swift in Sources */ = {isa = PBXBuildFile; fileRef = EB595E132A97C24A003000D6 /* SceneKitUtils.swift */; };
		EB5B6EC22AE3A16900E74981 /* StickerComponent.swift in Sources */ = {isa = PBXBuildFile; fileRef = EB5B6EC12AE3A16900E74981 /* StickerComponent.swift */; };
		EB6C73902A88B493008DD244 /* MoveController.swift in Sources */ = {isa = PBXBuildFile; fileRef = EB6C738F2A88B493008DD244 /* MoveController.swift */; };
		EB6C73922A899B6F008DD244 /* Persistence.swift in Sources */ = {isa = PBXBuildFile; fileRef = EB6C73912A899B6F008DD244 /* Persistence.swift */; };
		EB8730982B167781005822F1 /* ControllerView.swift in Sources */ = {isa = PBXBuildFile; fileRef = EB8730972B167781005822F1 /* ControllerView.swift */; };
		EB89FEF82AF998CF00CED037 /* CubeModels in Resources */ = {isa = PBXBuildFile; fileRef = EB89FEF72AF998CF00CED037 /* CubeModels */; };
		EB96D4CC2A80BC6100CF0ED0 /* CubeApp.swift in Sources */ = {isa = PBXBuildFile; fileRef = EB96D4CB2A80BC6100CF0ED0 /* CubeApp.swift */; };
		EB96D4CE2A80BC6100CF0ED0 /* ContentView.swift in Sources */ = {isa = PBXBuildFile; fileRef = EB96D4CD2A80BC6100CF0ED0 /* ContentView.swift */; };
		EB96D4D02A80BC6400CF0ED0 /* Assets.xcassets in Resources */ = {isa = PBXBuildFile; fileRef = EB96D4CF2A80BC6400CF0ED0 /* Assets.xcassets */; };
		EB96D4D32A80BC6400CF0ED0 /* Preview Assets.xcassets in Resources */ = {isa = PBXBuildFile; fileRef = EB96D4D22A80BC6400CF0ED0 /* Preview Assets.xcassets */; };
		EB96D4DC2A817BF500CF0ED0 /* Cube2DView.swift in Sources */ = {isa = PBXBuildFile; fileRef = EB96D4DB2A817BF500CF0ED0 /* Cube2DView.swift */; };
		EB96D4DE2A81BA1D00CF0ED0 /* Cube.swift in Sources */ = {isa = PBXBuildFile; fileRef = EB96D4DD2A81BA1D00CF0ED0 /* Cube.swift */; };
		EB96D4E22A82C18700CF0ED0 /* Move.swift in Sources */ = {isa = PBXBuildFile; fileRef = EB96D4E12A82C18700CF0ED0 /* Move.swift */; };
		EB9E151F2AD4D3DC0016152A /* RealityCubeView.swift in Sources */ = {isa = PBXBuildFile; fileRef = EB9E151E2AD4D3DC0016152A /* RealityCubeView.swift */; };
		EB9E15222AD4F7930016152A /* ARKitViewAdapter.swift in Sources */ = {isa = PBXBuildFile; fileRef = EB9E15212AD4F7930016152A /* ARKitViewAdapter.swift */; };
		EBA6172A2AEB1EFA005C8AF8 /* ImmersiveCubeView.swift in Sources */ = {isa = PBXBuildFile; fileRef = EBA617292AEB1EFA005C8AF8 /* ImmersiveCubeView.swift */; };
		EBED01F62A8AFD86006FBF1B /* Play.swift in Sources */ = {isa = PBXBuildFile; fileRef = EBED01F52A8AFD86006FBF1B /* Play.swift */; };
		EBFFEFE22AC693EC0032A2AE /* VectorTests.swift in Sources */ = {isa = PBXBuildFile; fileRef = EBFFEFE12AC693EC0032A2AE /* VectorTests.swift */; };
		EBFFEFE42AC8E8290032A2AE /* FaceTests.swift in Sources */ = {isa = PBXBuildFile; fileRef = EBFFEFE32AC8E8290032A2AE /* FaceTests.swift */; };
/* End PBXBuildFile section */

/* Begin PBXContainerItemProxy section */
		EB30294D2ABF4C7500D01AF7 /* PBXContainerItemProxy */ = {
			isa = PBXContainerItemProxy;
			containerPortal = EB96D4C02A80BC6100CF0ED0 /* Project object */;
			proxyType = 1;
			remoteGlobalIDString = EB96D4C72A80BC6100CF0ED0;
			remoteInfo = Cube;
		};
/* End PBXContainerItemProxy section */

/* Begin PBXFileReference section */
		EB0BA9662AF6AD340030C54E /* DirectionComponent.swift */ = {isa = PBXFileReference; lastKnownFileType = sourcecode.swift; path = DirectionComponent.swift; sourceTree = "<group>"; };
		EB1D004D2AE3AA74000E3920 /* RotationSystem.swift */ = {isa = PBXFileReference; fileEncoding = 4; lastKnownFileType = sourcecode.swift; path = RotationSystem.swift; sourceTree = "<group>"; };
		EB2767392A95160B00464B06 /* Cube3DView.swift */ = {isa = PBXFileReference; lastKnownFileType = sourcecode.swift; path = Cube3DView.swift; sourceTree = "<group>"; };
		EB27673B2A95592C00464B06 /* Dragging.swift */ = {isa = PBXFileReference; lastKnownFileType = sourcecode.swift; path = Dragging.swift; sourceTree = "<group>"; };
		EB3029492ABF4C7500D01AF7 /* CubeTests.xctest */ = {isa = PBXFileReference; explicitFileType = wrapper.cfbundle; includeInIndex = 0; path = CubeTests.xctest; sourceTree = BUILT_PRODUCTS_DIR; };
		EB30294B2ABF4C7500D01AF7 /* StickerTests.swift */ = {isa = PBXFileReference; lastKnownFileType = sourcecode.swift; path = StickerTests.swift; sourceTree = "<group>"; };
		EB3029532AC00D0E00D01AF7 /* PieceTests.swift */ = {isa = PBXFileReference; lastKnownFileType = sourcecode.swift; path = PieceTests.swift; sourceTree = "<group>"; };
		EB30295F2AC93BAD00D01AF7 /* SceneKitModel.swift */ = {isa = PBXFileReference; lastKnownFileType = sourcecode.swift; path = SceneKitModel.swift; sourceTree = "<group>"; };
		EB4037CA2ACBA38B00602707 /* RealityKitModel.swift */ = {isa = PBXFileReference; lastKnownFileType = sourcecode.swift; path = RealityKitModel.swift; sourceTree = "<group>"; };
		EB42A13B2AD5289600F6F80A /* SceneKitViewAdapter.swift */ = {isa = PBXFileReference; lastKnownFileType = sourcecode.swift; path = SceneKitViewAdapter.swift; sourceTree = "<group>"; };
		EB42A13F2AD704CE00F6F80A /* Info.plist */ = {isa = PBXFileReference; lastKnownFileType = text.plist; path = Info.plist; sourceTree = "<group>"; };
		EB42A1402ADD9FC100F6F80A /* HandTracking.swift */ = {isa = PBXFileReference; lastKnownFileType = sourcecode.swift; path = HandTracking.swift; sourceTree = "<group>"; };
		EB595E132A97C24A003000D6 /* SceneKitUtils.swift */ = {isa = PBXFileReference; lastKnownFileType = sourcecode.swift; path = SceneKitUtils.swift; sourceTree = "<group>"; };
		EB5A36DF2ACBC7580094EB7D /* Cube.entitlements */ = {isa = PBXFileReference; lastKnownFileType = text.plist.entitlements; path = Cube.entitlements; sourceTree = "<group>"; };
		EB5B6EC12AE3A16900E74981 /* StickerComponent.swift */ = {isa = PBXFileReference; lastKnownFileType = sourcecode.swift; path = StickerComponent.swift; sourceTree = "<group>"; };
		EB6C738F2A88B493008DD244 /* MoveController.swift */ = {isa = PBXFileReference; lastKnownFileType = sourcecode.swift; path = MoveController.swift; sourceTree = "<group>"; };
		EB6C73912A899B6F008DD244 /* Persistence.swift */ = {isa = PBXFileReference; lastKnownFileType = sourcecode.swift; path = Persistence.swift; sourceTree = "<group>"; };
		EB8730972B167781005822F1 /* ControllerView.swift */ = {isa = PBXFileReference; lastKnownFileType = sourcecode.swift; path = ControllerView.swift; sourceTree = "<group>"; };
		EB89FEF72AF998CF00CED037 /* CubeModels */ = {isa = PBXFileReference; fileEncoding = 4; lastKnownFileType = wrapper; path = CubeModels; sourceTree = SOURCE_ROOT; };
		EB96D4C82A80BC6100CF0ED0 /* Cube.app */ = {isa = PBXFileReference; explicitFileType = wrapper.application; includeInIndex = 0; path = Cube.app; sourceTree = BUILT_PRODUCTS_DIR; };
		EB96D4CB2A80BC6100CF0ED0 /* CubeApp.swift */ = {isa = PBXFileReference; lastKnownFileType = sourcecode.swift; path = CubeApp.swift; sourceTree = "<group>"; };
		EB96D4CD2A80BC6100CF0ED0 /* ContentView.swift */ = {isa = PBXFileReference; lastKnownFileType = sourcecode.swift; path = ContentView.swift; sourceTree = "<group>"; };
		EB96D4CF2A80BC6400CF0ED0 /* Assets.xcassets */ = {isa = PBXFileReference; lastKnownFileType = folder.assetcatalog; path = Assets.xcassets; sourceTree = "<group>"; };
		EB96D4D22A80BC6400CF0ED0 /* Preview Assets.xcassets */ = {isa = PBXFileReference; lastKnownFileType = folder.assetcatalog; path = "Preview Assets.xcassets"; sourceTree = "<group>"; };
		EB96D4DB2A817BF500CF0ED0 /* Cube2DView.swift */ = {isa = PBXFileReference; lastKnownFileType = sourcecode.swift; path = Cube2DView.swift; sourceTree = "<group>"; };
		EB96D4DD2A81BA1D00CF0ED0 /* Cube.swift */ = {isa = PBXFileReference; lastKnownFileType = sourcecode.swift; path = Cube.swift; sourceTree = "<group>"; };
		EB96D4E12A82C18700CF0ED0 /* Move.swift */ = {isa = PBXFileReference; lastKnownFileType = sourcecode.swift; path = Move.swift; sourceTree = "<group>"; };
		EB9E151E2AD4D3DC0016152A /* RealityCubeView.swift */ = {isa = PBXFileReference; lastKnownFileType = sourcecode.swift; path = RealityCubeView.swift; sourceTree = "<group>"; };
		EB9E15212AD4F7930016152A /* ARKitViewAdapter.swift */ = {isa = PBXFileReference; lastKnownFileType = sourcecode.swift; path = ARKitViewAdapter.swift; sourceTree = "<group>"; };
		EBA617292AEB1EFA005C8AF8 /* ImmersiveCubeView.swift */ = {isa = PBXFileReference; lastKnownFileType = sourcecode.swift; path = ImmersiveCubeView.swift; sourceTree = "<group>"; };
		EBED01F52A8AFD86006FBF1B /* Play.swift */ = {isa = PBXFileReference; lastKnownFileType = sourcecode.swift; path = Play.swift; sourceTree = "<group>"; };
		EBFFEFE12AC693EC0032A2AE /* VectorTests.swift */ = {isa = PBXFileReference; lastKnownFileType = sourcecode.swift; path = VectorTests.swift; sourceTree = "<group>"; };
		EBFFEFE32AC8E8290032A2AE /* FaceTests.swift */ = {isa = PBXFileReference; lastKnownFileType = sourcecode.swift; path = FaceTests.swift; sourceTree = "<group>"; };
/* End PBXFileReference section */

/* Begin PBXFrameworksBuildPhase section */
		EB3029462ABF4C7500D01AF7 /* Frameworks */ = {
			isa = PBXFrameworksBuildPhase;
			buildActionMask = 2147483647;
			files = (
			);
			runOnlyForDeploymentPostprocessing = 0;
		};
		EB96D4C52A80BC6100CF0ED0 /* Frameworks */ = {
			isa = PBXFrameworksBuildPhase;
			buildActionMask = 2147483647;
			files = (
			);
			runOnlyForDeploymentPostprocessing = 0;
		};
/* End PBXFrameworksBuildPhase section */

/* Begin PBXGroup section */
		EB30294A2ABF4C7500D01AF7 /* CubeTests */ = {
			isa = PBXGroup;
			children = (
				EB30294B2ABF4C7500D01AF7 /* StickerTests.swift */,
				EBFFEFE12AC693EC0032A2AE /* VectorTests.swift */,
				EB3029532AC00D0E00D01AF7 /* PieceTests.swift */,
				EBFFEFE32AC8E8290032A2AE /* FaceTests.swift */,
			);
			path = CubeTests;
			sourceTree = "<group>";
		};
		EB4037C82ACBA34900602707 /* SceneKit */ = {
			isa = PBXGroup;
			children = (
				EB30295F2AC93BAD00D01AF7 /* SceneKitModel.swift */,
				EB595E132A97C24A003000D6 /* SceneKitUtils.swift */,
				EB42A13B2AD5289600F6F80A /* SceneKitViewAdapter.swift */,
			);
			path = SceneKit;
			sourceTree = "<group>";
		};
		EB4037C92ACBA35A00602707 /* RealityKit */ = {
			isa = PBXGroup;
			children = (
				EB4037CA2ACBA38B00602707 /* RealityKitModel.swift */,
				EB5B6EC12AE3A16900E74981 /* StickerComponent.swift */,
				EB1D004D2AE3AA74000E3920 /* RotationSystem.swift */,
				EB0BA9662AF6AD340030C54E /* DirectionComponent.swift */,
			);
			path = RealityKit;
			sourceTree = "<group>";
		};
		EB96D4BF2A80BC6100CF0ED0 = {
			isa = PBXGroup;
			children = (
				EB96D4CA2A80BC6100CF0ED0 /* Cube */,
				EB89FEF72AF998CF00CED037 /* CubeModels */,
				EB30294A2ABF4C7500D01AF7 /* CubeTests */,
				EB96D4C92A80BC6100CF0ED0 /* Products */,
			);
			sourceTree = "<group>";
		};
		EB96D4C92A80BC6100CF0ED0 /* Products */ = {
			isa = PBXGroup;
			children = (
				EB96D4C82A80BC6100CF0ED0 /* Cube.app */,
				EB3029492ABF4C7500D01AF7 /* CubeTests.xctest */,
			);
			name = Products;
			sourceTree = "<group>";
		};
		EB96D4CA2A80BC6100CF0ED0 /* Cube */ = {
			isa = PBXGroup;
			children = (
				EB42A13F2AD704CE00F6F80A /* Info.plist */,
				EB5A36DF2ACBC7580094EB7D /* Cube.entitlements */,
				EB96D4CB2A80BC6100CF0ED0 /* CubeApp.swift */,
				EBED01F32A8AFB5C006FBF1B /* Models */,
				EBED01F42A8AFB68006FBF1B /* Views */,
				EB96D4CF2A80BC6400CF0ED0 /* Assets.xcassets */,
				EB96D4D12A80BC6400CF0ED0 /* Preview Content */,
			);
			path = Cube;
			sourceTree = "<group>";
		};
		EB96D4D12A80BC6400CF0ED0 /* Preview Content */ = {
			isa = PBXGroup;
			children = (
				EB96D4D22A80BC6400CF0ED0 /* Preview Assets.xcassets */,
			);
			path = "Preview Content";
			sourceTree = "<group>";
		};
		EB9E15202AD4F7650016152A /* ARKit */ = {
			isa = PBXGroup;
			children = (
				EB9E15212AD4F7930016152A /* ARKitViewAdapter.swift */,
			);
			path = ARKit;
			sourceTree = "<group>";
		};
		EBED01F32A8AFB5C006FBF1B /* Models */ = {
			isa = PBXGroup;
			children = (
				EB96D4DD2A81BA1D00CF0ED0 /* Cube.swift */,
				EB96D4E12A82C18700CF0ED0 /* Move.swift */,
				EBED01F52A8AFD86006FBF1B /* Play.swift */,
				EB27673B2A95592C00464B06 /* Dragging.swift */,
				EB42A1402ADD9FC100F6F80A /* HandTracking.swift */,
				EB6C73912A899B6F008DD244 /* Persistence.swift */,
				EB4037C82ACBA34900602707 /* SceneKit */,
				EB4037C92ACBA35A00602707 /* RealityKit */,
				EB9E15202AD4F7650016152A /* ARKit */,
			);
			path = Models;
			sourceTree = "<group>";
		};
		EBED01F42A8AFB68006FBF1B /* Views */ = {
			isa = PBXGroup;
			children = (
				EB96D4CD2A80BC6100CF0ED0 /* ContentView.swift */,
				EB96D4DB2A817BF500CF0ED0 /* Cube2DView.swift */,
				EB6C738F2A88B493008DD244 /* MoveController.swift */,
				EB2767392A95160B00464B06 /* Cube3DView.swift */,
				EB9E151E2AD4D3DC0016152A /* RealityCubeView.swift */,
				EB8730972B167781005822F1 /* ControllerView.swift */,
				EBA617292AEB1EFA005C8AF8 /* ImmersiveCubeView.swift */,
			);
			path = Views;
			sourceTree = "<group>";
		};
/* End PBXGroup section */

/* Begin PBXNativeTarget section */
		EB3029482ABF4C7500D01AF7 /* CubeTests */ = {
			isa = PBXNativeTarget;
			buildConfigurationList = EB3029512ABF4C7500D01AF7 /* Build configuration list for PBXNativeTarget "CubeTests" */;
			buildPhases = (
				EB3029452ABF4C7500D01AF7 /* Sources */,
				EB3029462ABF4C7500D01AF7 /* Frameworks */,
				EB3029472ABF4C7500D01AF7 /* Resources */,
			);
			buildRules = (
			);
			dependencies = (
				EB30294E2ABF4C7500D01AF7 /* PBXTargetDependency */,
			);
			name = CubeTests;
			productName = CubeTests;
			productReference = EB3029492ABF4C7500D01AF7 /* CubeTests.xctest */;
			productType = "com.apple.product-type.bundle.unit-test";
		};
		EB96D4C72A80BC6100CF0ED0 /* Cube */ = {
			isa = PBXNativeTarget;
			buildConfigurationList = EB96D4D62A80BC6400CF0ED0 /* Build configuration list for PBXNativeTarget "Cube" */;
			buildPhases = (
				EB96D4C42A80BC6100CF0ED0 /* Sources */,
				EB96D4C52A80BC6100CF0ED0 /* Frameworks */,
				EB96D4C62A80BC6100CF0ED0 /* Resources */,
			);
			buildRules = (
			);
			dependencies = (
			);
			name = Cube;
			productName = Cube;
			productReference = EB96D4C82A80BC6100CF0ED0 /* Cube.app */;
			productType = "com.apple.product-type.application";
		};
/* End PBXNativeTarget section */

/* Begin PBXProject section */
		EB96D4C02A80BC6100CF0ED0 /* Project object */ = {
			isa = PBXProject;
			attributes = {
				BuildIndependentTargetsInParallel = 1;
				LastSwiftUpdateCheck = 1500;
				LastUpgradeCheck = 1500;
				TargetAttributes = {
					EB3029482ABF4C7500D01AF7 = {
						CreatedOnToolsVersion = 15.0;
						TestTargetID = EB96D4C72A80BC6100CF0ED0;
					};
					EB96D4C72A80BC6100CF0ED0 = {
						CreatedOnToolsVersion = 15.0;
					};
				};
			};
			buildConfigurationList = EB96D4C32A80BC6100CF0ED0 /* Build configuration list for PBXProject "Cube" */;
			compatibilityVersion = "Xcode 14.0";
			developmentRegion = en;
			hasScannedForEncodings = 0;
			knownRegions = (
				en,
				Base,
			);
			mainGroup = EB96D4BF2A80BC6100CF0ED0;
			productRefGroup = EB96D4C92A80BC6100CF0ED0 /* Products */;
			projectDirPath = "";
			projectRoot = "";
			targets = (
				EB96D4C72A80BC6100CF0ED0 /* Cube */,
				EB3029482ABF4C7500D01AF7 /* CubeTests */,
			);
		};
/* End PBXProject section */

/* Begin PBXResourcesBuildPhase section */
		EB3029472ABF4C7500D01AF7 /* Resources */ = {
			isa = PBXResourcesBuildPhase;
			buildActionMask = 2147483647;
			files = (
			);
			runOnlyForDeploymentPostprocessing = 0;
		};
		EB96D4C62A80BC6100CF0ED0 /* Resources */ = {
			isa = PBXResourcesBuildPhase;
			buildActionMask = 2147483647;
			files = (
				EB96D4D32A80BC6400CF0ED0 /* Preview Assets.xcassets in Resources */,
				EB89FEF82AF998CF00CED037 /* CubeModels in Resources */,
				EB96D4D02A80BC6400CF0ED0 /* Assets.xcassets in Resources */,
			);
			runOnlyForDeploymentPostprocessing = 0;
		};
/* End PBXResourcesBuildPhase section */

/* Begin PBXSourcesBuildPhase section */
		EB3029452ABF4C7500D01AF7 /* Sources */ = {
			isa = PBXSourcesBuildPhase;
			buildActionMask = 2147483647;
			files = (
				EBFFEFE42AC8E8290032A2AE /* FaceTests.swift in Sources */,
				EBFFEFE22AC693EC0032A2AE /* VectorTests.swift in Sources */,
				EB3029542AC00D0E00D01AF7 /* PieceTests.swift in Sources */,
				EB30294C2ABF4C7500D01AF7 /* StickerTests.swift in Sources */,
			);
			runOnlyForDeploymentPostprocessing = 0;
		};
		EB96D4C42A80BC6100CF0ED0 /* Sources */ = {
			isa = PBXSourcesBuildPhase;
			buildActionMask = 2147483647;
			files = (
				EB27673A2A95160B00464B06 /* Cube3DView.swift in Sources */,
				EB9E151F2AD4D3DC0016152A /* RealityCubeView.swift in Sources */,
				EB6C73922A899B6F008DD244 /* Persistence.swift in Sources */,
				EB6C73902A88B493008DD244 /* MoveController.swift in Sources */,
				EB96D4CE2A80BC6100CF0ED0 /* ContentView.swift in Sources */,
				EB96D4DE2A81BA1D00CF0ED0 /* Cube.swift in Sources */,
				EB96D4CC2A80BC6100CF0ED0 /* CubeApp.swift in Sources */,
				EBED01F62A8AFD86006FBF1B /* Play.swift in Sources */,
				EB1D004E2AE3AA74000E3920 /* RotationSystem.swift in Sources */,
				EB42A13C2AD5289600F6F80A /* SceneKitViewAdapter.swift in Sources */,
				EB0BA9672AF6AD340030C54E /* DirectionComponent.swift in Sources */,
				EB96D4E22A82C18700CF0ED0 /* Move.swift in Sources */,
				EB42A1412ADD9FC100F6F80A /* HandTracking.swift in Sources */,
				EB96D4DC2A817BF500CF0ED0 /* Cube2DView.swift in Sources */,
				EB9E15222AD4F7930016152A /* ARKitViewAdapter.swift in Sources */,
				EB595E142A97C24A003000D6 /* SceneKitUtils.swift in Sources */,
				EB5B6EC22AE3A16900E74981 /* StickerComponent.swift in Sources */,
				EB4037CB2ACBA38B00602707 /* RealityKitModel.swift in Sources */,
				EBA6172A2AEB1EFA005C8AF8 /* ImmersiveCubeView.swift in Sources */,
				EB3029602AC93BAD00D01AF7 /* SceneKitModel.swift in Sources */,
				EB8730982B167781005822F1 /* ControllerView.swift in Sources */,
				EB27673C2A95592C00464B06 /* Dragging.swift in Sources */,
			);
			runOnlyForDeploymentPostprocessing = 0;
		};
/* End PBXSourcesBuildPhase section */

/* Begin PBXTargetDependency section */
		EB30294E2ABF4C7500D01AF7 /* PBXTargetDependency */ = {
			isa = PBXTargetDependency;
			target = EB96D4C72A80BC6100CF0ED0 /* Cube */;
			targetProxy = EB30294D2ABF4C7500D01AF7 /* PBXContainerItemProxy */;
		};
/* End PBXTargetDependency section */

/* Begin XCBuildConfiguration section */
		EB30294F2ABF4C7500D01AF7 /* Debug */ = {
			isa = XCBuildConfiguration;
			buildSettings = {
				BUNDLE_LOADER = "$(TEST_HOST)";
				CODE_SIGN_STYLE = Automatic;
				CURRENT_PROJECT_VERSION = 1;
				DEVELOPMENT_TEAM = W79BP686ET;
				GENERATE_INFOPLIST_FILE = YES;
				MARKETING_VERSION = 1.0;
				PRODUCT_BUNDLE_IDENTIFIER = dev.basuke.CubeTests;
				PRODUCT_NAME = "$(TARGET_NAME)";
				SWIFT_EMIT_LOC_STRINGS = NO;
				SWIFT_VERSION = 5.0;
				TARGETED_DEVICE_FAMILY = "1,2";
				TEST_HOST = "$(BUILT_PRODUCTS_DIR)/Cube.app/$(BUNDLE_EXECUTABLE_FOLDER_PATH)/Cube";
			};
			name = Debug;
		};
		EB3029502ABF4C7500D01AF7 /* Release */ = {
			isa = XCBuildConfiguration;
			buildSettings = {
				BUNDLE_LOADER = "$(TEST_HOST)";
				CODE_SIGN_STYLE = Automatic;
				CURRENT_PROJECT_VERSION = 1;
				DEVELOPMENT_TEAM = W79BP686ET;
				GENERATE_INFOPLIST_FILE = YES;
				MARKETING_VERSION = 1.0;
				PRODUCT_BUNDLE_IDENTIFIER = dev.basuke.CubeTests;
				PRODUCT_NAME = "$(TARGET_NAME)";
				SWIFT_EMIT_LOC_STRINGS = NO;
				SWIFT_VERSION = 5.0;
				TARGETED_DEVICE_FAMILY = "1,2";
				TEST_HOST = "$(BUILT_PRODUCTS_DIR)/Cube.app/$(BUNDLE_EXECUTABLE_FOLDER_PATH)/Cube";
			};
			name = Release;
		};
		EB96D4D42A80BC6400CF0ED0 /* Debug */ = {
			isa = XCBuildConfiguration;
			buildSettings = {
				ALWAYS_SEARCH_USER_PATHS = NO;
				ASSETCATALOG_COMPILER_GENERATE_SWIFT_ASSET_SYMBOL_EXTENSIONS = YES;
				CLANG_ANALYZER_NONNULL = YES;
				CLANG_ANALYZER_NUMBER_OBJECT_CONVERSION = YES_AGGRESSIVE;
				CLANG_CXX_LANGUAGE_STANDARD = "gnu++20";
				CLANG_ENABLE_MODULES = YES;
				CLANG_ENABLE_OBJC_ARC = YES;
				CLANG_ENABLE_OBJC_WEAK = YES;
				CLANG_WARN_BLOCK_CAPTURE_AUTORELEASING = YES;
				CLANG_WARN_BOOL_CONVERSION = YES;
				CLANG_WARN_COMMA = YES;
				CLANG_WARN_CONSTANT_CONVERSION = YES;
				CLANG_WARN_DEPRECATED_OBJC_IMPLEMENTATIONS = YES;
				CLANG_WARN_DIRECT_OBJC_ISA_USAGE = YES_ERROR;
				CLANG_WARN_DOCUMENTATION_COMMENTS = YES;
				CLANG_WARN_EMPTY_BODY = YES;
				CLANG_WARN_ENUM_CONVERSION = YES;
				CLANG_WARN_INFINITE_RECURSION = YES;
				CLANG_WARN_INT_CONVERSION = YES;
				CLANG_WARN_NON_LITERAL_NULL_CONVERSION = YES;
				CLANG_WARN_OBJC_IMPLICIT_RETAIN_SELF = YES;
				CLANG_WARN_OBJC_LITERAL_CONVERSION = YES;
				CLANG_WARN_OBJC_ROOT_CLASS = YES_ERROR;
				CLANG_WARN_QUOTED_INCLUDE_IN_FRAMEWORK_HEADER = YES;
				CLANG_WARN_RANGE_LOOP_ANALYSIS = YES;
				CLANG_WARN_STRICT_PROTOTYPES = YES;
				CLANG_WARN_SUSPICIOUS_MOVE = YES;
				CLANG_WARN_UNGUARDED_AVAILABILITY = YES_AGGRESSIVE;
				CLANG_WARN_UNREACHABLE_CODE = YES;
				CLANG_WARN__DUPLICATE_METHOD_MATCH = YES;
				COPY_PHASE_STRIP = NO;
				DEBUG_INFORMATION_FORMAT = dwarf;
				ENABLE_STRICT_OBJC_MSGSEND = YES;
				ENABLE_TESTABILITY = YES;
				ENABLE_USER_SCRIPT_SANDBOXING = YES;
				GCC_C_LANGUAGE_STANDARD = gnu17;
				GCC_DYNAMIC_NO_PIC = NO;
				GCC_NO_COMMON_BLOCKS = YES;
				GCC_OPTIMIZATION_LEVEL = 0;
				GCC_PREPROCESSOR_DEFINITIONS = (
					"DEBUG=1",
					"$(inherited)",
				);
				GCC_WARN_64_TO_32_BIT_CONVERSION = YES;
				GCC_WARN_ABOUT_RETURN_TYPE = YES_ERROR;
				GCC_WARN_UNDECLARED_SELECTOR = YES;
				GCC_WARN_UNINITIALIZED_AUTOS = YES_AGGRESSIVE;
				GCC_WARN_UNUSED_FUNCTION = YES;
				GCC_WARN_UNUSED_VARIABLE = YES;
				IPHONEOS_DEPLOYMENT_TARGET = 17.0;
				LOCALIZATION_PREFERS_STRING_CATALOGS = YES;
				MTL_ENABLE_DEBUG_INFO = INCLUDE_SOURCE;
				MTL_FAST_MATH = YES;
				ONLY_ACTIVE_ARCH = YES;
				SDKROOT = iphoneos;
				SWIFT_ACTIVE_COMPILATION_CONDITIONS = "DEBUG $(inherited)";
				SWIFT_OPTIMIZATION_LEVEL = "-Onone";
			};
			name = Debug;
		};
		EB96D4D52A80BC6400CF0ED0 /* Release */ = {
			isa = XCBuildConfiguration;
			buildSettings = {
				ALWAYS_SEARCH_USER_PATHS = NO;
				ASSETCATALOG_COMPILER_GENERATE_SWIFT_ASSET_SYMBOL_EXTENSIONS = YES;
				CLANG_ANALYZER_NONNULL = YES;
				CLANG_ANALYZER_NUMBER_OBJECT_CONVERSION = YES_AGGRESSIVE;
				CLANG_CXX_LANGUAGE_STANDARD = "gnu++20";
				CLANG_ENABLE_MODULES = YES;
				CLANG_ENABLE_OBJC_ARC = YES;
				CLANG_ENABLE_OBJC_WEAK = YES;
				CLANG_WARN_BLOCK_CAPTURE_AUTORELEASING = YES;
				CLANG_WARN_BOOL_CONVERSION = YES;
				CLANG_WARN_COMMA = YES;
				CLANG_WARN_CONSTANT_CONVERSION = YES;
				CLANG_WARN_DEPRECATED_OBJC_IMPLEMENTATIONS = YES;
				CLANG_WARN_DIRECT_OBJC_ISA_USAGE = YES_ERROR;
				CLANG_WARN_DOCUMENTATION_COMMENTS = YES;
				CLANG_WARN_EMPTY_BODY = YES;
				CLANG_WARN_ENUM_CONVERSION = YES;
				CLANG_WARN_INFINITE_RECURSION = YES;
				CLANG_WARN_INT_CONVERSION = YES;
				CLANG_WARN_NON_LITERAL_NULL_CONVERSION = YES;
				CLANG_WARN_OBJC_IMPLICIT_RETAIN_SELF = YES;
				CLANG_WARN_OBJC_LITERAL_CONVERSION = YES;
				CLANG_WARN_OBJC_ROOT_CLASS = YES_ERROR;
				CLANG_WARN_QUOTED_INCLUDE_IN_FRAMEWORK_HEADER = YES;
				CLANG_WARN_RANGE_LOOP_ANALYSIS = YES;
				CLANG_WARN_STRICT_PROTOTYPES = YES;
				CLANG_WARN_SUSPICIOUS_MOVE = YES;
				CLANG_WARN_UNGUARDED_AVAILABILITY = YES_AGGRESSIVE;
				CLANG_WARN_UNREACHABLE_CODE = YES;
				CLANG_WARN__DUPLICATE_METHOD_MATCH = YES;
				COPY_PHASE_STRIP = NO;
				DEBUG_INFORMATION_FORMAT = "dwarf-with-dsym";
				ENABLE_NS_ASSERTIONS = NO;
				ENABLE_STRICT_OBJC_MSGSEND = YES;
				ENABLE_USER_SCRIPT_SANDBOXING = YES;
				GCC_C_LANGUAGE_STANDARD = gnu17;
				GCC_NO_COMMON_BLOCKS = YES;
				GCC_WARN_64_TO_32_BIT_CONVERSION = YES;
				GCC_WARN_ABOUT_RETURN_TYPE = YES_ERROR;
				GCC_WARN_UNDECLARED_SELECTOR = YES;
				GCC_WARN_UNINITIALIZED_AUTOS = YES_AGGRESSIVE;
				GCC_WARN_UNUSED_FUNCTION = YES;
				GCC_WARN_UNUSED_VARIABLE = YES;
				IPHONEOS_DEPLOYMENT_TARGET = 17.0;
				LOCALIZATION_PREFERS_STRING_CATALOGS = YES;
				MTL_ENABLE_DEBUG_INFO = NO;
				MTL_FAST_MATH = YES;
				SDKROOT = iphoneos;
				SWIFT_COMPILATION_MODE = wholemodule;
				VALIDATE_PRODUCT = YES;
			};
			name = Release;
		};
		EB96D4D72A80BC6400CF0ED0 /* Debug */ = {
			isa = XCBuildConfiguration;
			buildSettings = {
				ASSETCATALOG_COMPILER_APPICON_NAME = AppIcon;
				ASSETCATALOG_COMPILER_GLOBAL_ACCENT_COLOR_NAME = AccentColor;
				CODE_SIGN_ENTITLEMENTS = Cube/Cube.entitlements;
				CODE_SIGN_STYLE = Automatic;
				CURRENT_PROJECT_VERSION = 1;
				DEVELOPMENT_ASSET_PATHS = "\"Cube/Preview Content\"";
				DEVELOPMENT_TEAM = W79BP686ET;
				ENABLE_PREVIEWS = YES;
				GENERATE_INFOPLIST_FILE = YES;
				INFOPLIST_FILE = Cube/Info.plist;
				INFOPLIST_KEY_UIApplicationSupportsIndirectInputEvents = YES;
				INFOPLIST_KEY_UILaunchScreen_Generation = YES;
				INFOPLIST_KEY_UISupportedInterfaceOrientations_iPad = "UIInterfaceOrientationPortrait UIInterfaceOrientationPortraitUpsideDown UIInterfaceOrientationLandscapeLeft UIInterfaceOrientationLandscapeRight";
				INFOPLIST_KEY_UISupportedInterfaceOrientations_iPhone = "UIInterfaceOrientationPortrait UIInterfaceOrientationLandscapeLeft UIInterfaceOrientationLandscapeRight";
				LD_RUNPATH_SEARCH_PATHS = (
					"$(inherited)",
					"@executable_path/Frameworks",
				);
				MARKETING_VERSION = 1.0;
				PRODUCT_BUNDLE_IDENTIFIER = dev.basuke.cube.Cube;
				PRODUCT_NAME = "$(TARGET_NAME)";
				SUPPORTED_PLATFORMS = "iphoneos iphonesimulator xros xrsimulator";
				SUPPORTS_MACCATALYST = YES;
				SUPPORTS_MAC_DESIGNED_FOR_IPHONE_IPAD = NO;
				SUPPORTS_XR_DESIGNED_FOR_IPHONE_IPAD = NO;
				SWIFT_EMIT_LOC_STRINGS = YES;
				SWIFT_VERSION = 5.0;
				TARGETED_DEVICE_FAMILY = "1,2,7";
			};
			name = Debug;
		};
		EB96D4D82A80BC6400CF0ED0 /* Release */ = {
			isa = XCBuildConfiguration;
			buildSettings = {
				ASSETCATALOG_COMPILER_APPICON_NAME = AppIcon;
				ASSETCATALOG_COMPILER_GLOBAL_ACCENT_COLOR_NAME = AccentColor;
				CODE_SIGN_ENTITLEMENTS = Cube/Cube.entitlements;
				CODE_SIGN_STYLE = Automatic;
				CURRENT_PROJECT_VERSION = 1;
				DEVELOPMENT_ASSET_PATHS = "\"Cube/Preview Content\"";
				DEVELOPMENT_TEAM = W79BP686ET;
				ENABLE_PREVIEWS = YES;
				GENERATE_INFOPLIST_FILE = YES;
				INFOPLIST_FILE = Cube/Info.plist;
				INFOPLIST_KEY_UIApplicationSupportsIndirectInputEvents = YES;
				INFOPLIST_KEY_UILaunchScreen_Generation = YES;
				INFOPLIST_KEY_UISupportedInterfaceOrientations_iPad = "UIInterfaceOrientationPortrait UIInterfaceOrientationPortraitUpsideDown UIInterfaceOrientationLandscapeLeft UIInterfaceOrientationLandscapeRight";
				INFOPLIST_KEY_UISupportedInterfaceOrientations_iPhone = "UIInterfaceOrientationPortrait UIInterfaceOrientationLandscapeLeft UIInterfaceOrientationLandscapeRight";
				LD_RUNPATH_SEARCH_PATHS = (
					"$(inherited)",
					"@executable_path/Frameworks",
				);
				MARKETING_VERSION = 1.0;
				PRODUCT_BUNDLE_IDENTIFIER = dev.basuke.cube.Cube;
				PRODUCT_NAME = "$(TARGET_NAME)";
				SUPPORTED_PLATFORMS = "iphoneos iphonesimulator xros xrsimulator";
				SUPPORTS_MACCATALYST = YES;
				SUPPORTS_MAC_DESIGNED_FOR_IPHONE_IPAD = NO;
				SUPPORTS_XR_DESIGNED_FOR_IPHONE_IPAD = NO;
				SWIFT_EMIT_LOC_STRINGS = YES;
				SWIFT_VERSION = 5.0;
				TARGETED_DEVICE_FAMILY = "1,2,7";
			};
			name = Release;
		};
/* End XCBuildConfiguration section */

/* Begin XCConfigurationList section */
		EB3029512ABF4C7500D01AF7 /* Build configuration list for PBXNativeTarget "CubeTests" */ = {
			isa = XCConfigurationList;
			buildConfigurations = (
				EB30294F2ABF4C7500D01AF7 /* Debug */,
				EB3029502ABF4C7500D01AF7 /* Release */,
			);
			defaultConfigurationIsVisible = 0;
			defaultConfigurationName = Release;
		};
		EB96D4C32A80BC6100CF0ED0 /* Build configuration list for PBXProject "Cube" */ = {
			isa = XCConfigurationList;
			buildConfigurations = (
				EB96D4D42A80BC6400CF0ED0 /* Debug */,
				EB96D4D52A80BC6400CF0ED0 /* Release */,
			);
			defaultConfigurationIsVisible = 0;
			defaultConfigurationName = Release;
		};
		EB96D4D62A80BC6400CF0ED0 /* Build configuration list for PBXNativeTarget "Cube" */ = {
			isa = XCConfigurationList;
			buildConfigurations = (
				EB96D4D72A80BC6400CF0ED0 /* Debug */,
				EB96D4D82A80BC6400CF0ED0 /* Release */,
			);
			defaultConfigurationIsVisible = 0;
			defaultConfigurationName = Release;
		};
/* End XCConfigurationList section */
	};
	rootObject = EB96D4C02A80BC6100CF0ED0 /* Project object */;
}
